// !$*UTF8*$!
{
	archiveVersion = 1;
	classes = {
	};
	objectVersion = 46;
	objects = {

/* Begin PBXBuildFile section */
		00002EBB18ECCB3800243001 /* AMHTTPMusicServer.m in Sources */ = {isa = PBXBuildFile; fileRef = 00002EBA18ECCB3800243001 /* AMHTTPMusicServer.m */; };
		00002ED718EE0FC600243001 /* AMHTTPFileResponse.m in Sources */ = {isa = PBXBuildFile; fileRef = 00002ED618EE0FC600243001 /* AMHTTPFileResponse.m */; };
		0005BA96182196B700C17FA9 /* AMJSONAPIData.m in Sources */ = {isa = PBXBuildFile; fileRef = 0005BA95182196B700C17FA9 /* AMJSONAPIData.m */; };
		0005BA9C182196CC00C17FA9 /* IAModelBase.m in Sources */ = {isa = PBXBuildFile; fileRef = 0005BA99182196CC00C17FA9 /* IAModelBase.m */; };
		0005BA9D182196CC00C17FA9 /* IAModelCollectionBase.m in Sources */ = {isa = PBXBuildFile; fileRef = 0005BA9B182196CC00C17FA9 /* IAModelCollectionBase.m */; };
		0005BAA01821A59A00C17FA9 /* AMJSONAPIDataObjects.m in Sources */ = {isa = PBXBuildFile; fileRef = 0005BA9F1821A59A00C17FA9 /* AMJSONAPIDataObjects.m */; };
		00245CC118209E2900506730 /* AMJSONResponder.m in Sources */ = {isa = PBXBuildFile; fileRef = 00245CC018209E2900506730 /* AMJSONResponder.m */; };
		00326C8718EA08B300A28AAF /* PreferencesWindow.m in Sources */ = {isa = PBXBuildFile; fileRef = 00326C8618EA08B300A28AAF /* PreferencesWindow.m */; };
		00326C8E18EA471D00A28AAF /* LastFMAPI.framework in Frameworks */ = {isa = PBXBuildFile; fileRef = 00326C8D18EA46E300A28AAF /* LastFMAPI.framework */; };
		00326C8F18EA473100A28AAF /* LastFMAPI.framework in Copy Embedded Frameworks */ = {isa = PBXBuildFile; fileRef = 00326C8D18EA46E300A28AAF /* LastFMAPI.framework */; };
		00326C9618EA4DD300A28AAF /* AMLastFMCommunicationManager.m in Sources */ = {isa = PBXBuildFile; fileRef = 00326C9518EA4DD300A28AAF /* AMLastFMCommunicationManager.m */; };
		00326C9A18EB65E400A28AAF /* AMMusicServer.p12 in Resources */ = {isa = PBXBuildFile; fileRef = 00326C9918EB65E400A28AAF /* AMMusicServer.p12 */; };
		00445B561826F98000174020 /* AMAudioConverter.mm in Sources */ = {isa = PBXBuildFile; fileRef = 00445B551826F98000174020 /* AMAudioConverter.mm */; };
		00445B581826F99C00174020 /* AudioToolbox.framework in Frameworks */ = {isa = PBXBuildFile; fileRef = 00445B571826F99C00174020 /* AudioToolbox.framework */; };
		00445B631826FE0D00174020 /* CAStreamBasicDescription.cpp in Sources */ = {isa = PBXBuildFile; fileRef = 00445B5E1826FE0D00174020 /* CAStreamBasicDescription.cpp */; };
		00445B641826FE0D00174020 /* CAXException.cpp in Sources */ = {isa = PBXBuildFile; fileRef = 00445B601826FE0D00174020 /* CAXException.cpp */; };
		00445B6D1827065500174020 /* ExtAudioFileConvert.cpp in Sources */ = {isa = PBXBuildFile; fileRef = 00445B6C1827065500174020 /* ExtAudioFileConvert.cpp */; };
		0050562418BBFBBD0011E0B1 /* AMHTTPConnection.m in Sources */ = {isa = PBXBuildFile; fileRef = 0050562318BBFBBD0011E0B1 /* AMHTTPConnection.m */; };
		0050562818BC0B040011E0B1 /* CocoaHTTPServer.framework in Frameworks */ = {isa = PBXBuildFile; fileRef = 0050561B18BBF9BF0011E0B1 /* CocoaHTTPServer.framework */; };
		0050CC7F18208ADA006D6247 /* Cocoa.framework in Frameworks */ = {isa = PBXBuildFile; fileRef = 0050CC7E18208ADA006D6247 /* Cocoa.framework */; };
		0050CC8918208ADA006D6247 /* InfoPlist.strings in Resources */ = {isa = PBXBuildFile; fileRef = 0050CC8718208ADA006D6247 /* InfoPlist.strings */; };
		0050CC8B18208ADA006D6247 /* main.m in Sources */ = {isa = PBXBuildFile; fileRef = 0050CC8A18208ADA006D6247 /* main.m */; };
		0050CC9218208ADA006D6247 /* AppDelegate.m in Sources */ = {isa = PBXBuildFile; fileRef = 0050CC9118208ADA006D6247 /* AppDelegate.m */; };
		0050CC9518208ADA006D6247 /* Application.xib in Resources */ = {isa = PBXBuildFile; fileRef = 0050CC9318208ADA006D6247 /* Application.xib */; };
		0050CC9718208ADA006D6247 /* Images.xcassets in Resources */ = {isa = PBXBuildFile; fileRef = 0050CC9618208ADA006D6247 /* Images.xcassets */; };
		0050CC9E18208ADA006D6247 /* XCTest.framework in Frameworks */ = {isa = PBXBuildFile; fileRef = 0050CC9D18208ADA006D6247 /* XCTest.framework */; };
		0050CC9F18208ADA006D6247 /* Cocoa.framework in Frameworks */ = {isa = PBXBuildFile; fileRef = 0050CC7E18208ADA006D6247 /* Cocoa.framework */; };
		0050CCA718208ADA006D6247 /* InfoPlist.strings in Resources */ = {isa = PBXBuildFile; fileRef = 0050CCA518208ADA006D6247 /* InfoPlist.strings */; };
		0050CCA918208ADA006D6247 /* MusicServerTests.m in Sources */ = {isa = PBXBuildFile; fileRef = 0050CCA818208ADA006D6247 /* MusicServerTests.m */; };
		00801462199BEF9600B0D1B0 /* public in Resources */ = {isa = PBXBuildFile; fileRef = 00801461199BEF9600B0D1B0 /* public */; };
		009D49A318D44F83006CA309 /* AMHTTPErrorResponse.m in Sources */ = {isa = PBXBuildFile; fileRef = 009D49A218D44F83006CA309 /* AMHTTPErrorResponse.m */; };
		00CBBCEE18C2CF900063DBF6 /* AMHTTPAsyncJSONResponse.m in Sources */ = {isa = PBXBuildFile; fileRef = 00CBBCED18C2CF900063DBF6 /* AMHTTPAsyncJSONResponse.m */; };
		00CBBCF518C35F990063DBF6 /* Security.framework in Frameworks */ = {isa = PBXBuildFile; fileRef = 00CBBCF418C35F990063DBF6 /* Security.framework */; };
		00D82E9B18D5A98A0090E3EB /* AMAuthenticationHandler.m in Sources */ = {isa = PBXBuildFile; fileRef = 00D82E9A18D5A98A0090E3EB /* AMAuthenticationHandler.m */; };
		00DAE0E5182542EC007B6ABC /* AMAPIHandlerITunes.m in Sources */ = {isa = PBXBuildFile; fileRef = 00DAE0E4182542EC007B6ABC /* AMAPIHandlerITunes.m */; };
		00DAE0E7182545D5007B6ABC /* iTunesLibrary.framework in Frameworks */ = {isa = PBXBuildFile; fileRef = 00DAE0E6182545D5007B6ABC /* iTunesLibrary.framework */; };
		00E192E518BD2B1500B5A8D5 /* AMPersistentData.m in Sources */ = {isa = PBXBuildFile; fileRef = 00E192E418BD2B1500B5A8D5 /* AMPersistentData.m */; };
		00E192F318BD2CA200B5A8D5 /* com.acm.AMMusicServer.plist in Resources */ = {isa = PBXBuildFile; fileRef = 00E192F218BD2CA200B5A8D5 /* com.acm.AMMusicServer.plist */; };
		00E192F618BD3B6A00B5A8D5 /* AMMusicServerActiveData.m in Sources */ = {isa = PBXBuildFile; fileRef = 00E192F518BD3B6A00B5A8D5 /* AMMusicServerActiveData.m */; };
		00F6DA1218BC36B90036F43F /* CocoaLumberjack.framework in Frameworks */ = {isa = PBXBuildFile; fileRef = 00F6DA0D18BC36A40036F43F /* CocoaLumberjack.framework */; };
		00F6DA1318BC36BC0036F43F /* CocoaAsyncSocket.framework in Frameworks */ = {isa = PBXBuildFile; fileRef = 00F6D9FD18BC36920036F43F /* CocoaAsyncSocket.framework */; };
		00F6DA1918BC37260036F43F /* CocoaLumberjack.framework in Copy Embedded Frameworks */ = {isa = PBXBuildFile; fileRef = 00F6DA0D18BC36A40036F43F /* CocoaLumberjack.framework */; };
		00F6DA1A18BC372E0036F43F /* CocoaAsyncSocket.framework in Copy Embedded Frameworks */ = {isa = PBXBuildFile; fileRef = 00F6D9FD18BC36920036F43F /* CocoaAsyncSocket.framework */; };
		00F6DA1B18BC37360036F43F /* CocoaHTTPServer.framework in Copy Embedded Frameworks */ = {isa = PBXBuildFile; fileRef = 0050561B18BBF9BF0011E0B1 /* CocoaHTTPServer.framework */; };
/* End PBXBuildFile section */

/* Begin PBXContainerItemProxy section */
		00326C8C18EA46E300A28AAF /* PBXContainerItemProxy */ = {
			isa = PBXContainerItemProxy;
			containerPortal = 00326C8818EA46E300A28AAF /* LastFMAPI.xcodeproj */;
			proxyType = 2;
			remoteGlobalIDString = 000839EB179BC5E200986A94;
			remoteInfo = LastFMAPI;
		};
		00326C9018EA474200A28AAF /* PBXContainerItemProxy */ = {
			isa = PBXContainerItemProxy;
			containerPortal = 00326C8818EA46E300A28AAF /* LastFMAPI.xcodeproj */;
			proxyType = 1;
			remoteGlobalIDString = 000839EA179BC5E200986A94;
			remoteInfo = LastFMAPI;
		};
		0050561818BBF9BF0011E0B1 /* PBXContainerItemProxy */ = {
			isa = PBXContainerItemProxy;
			containerPortal = 0050560D18BBF9BE0011E0B1 /* CocoaHTTPServer.xcodeproj */;
			proxyType = 2;
			remoteGlobalIDString = 270B11901628E5A8005A82FA;
			remoteInfo = CocoaHTTPServerStaticIOS;
		};
		0050561A18BBF9BF0011E0B1 /* PBXContainerItemProxy */ = {
			isa = PBXContainerItemProxy;
			containerPortal = 0050560D18BBF9BE0011E0B1 /* CocoaHTTPServer.xcodeproj */;
			proxyType = 2;
			remoteGlobalIDString = 270B11B21628E676005A82FA;
			remoteInfo = CocoaHTTPServerOSX;
		};
		0050561C18BBF9BF0011E0B1 /* PBXContainerItemProxy */ = {
			isa = PBXContainerItemProxy;
			containerPortal = 0050560D18BBF9BE0011E0B1 /* CocoaHTTPServer.xcodeproj */;
			proxyType = 2;
			remoteGlobalIDString = D5FE353F163AF4240090BB94;
			remoteInfo = CocoaHTTPServerIOSTests;
		};
		0050561E18BBF9BF0011E0B1 /* PBXContainerItemProxy */ = {
			isa = PBXContainerItemProxy;
			containerPortal = 0050560D18BBF9BE0011E0B1 /* CocoaHTTPServer.xcodeproj */;
			proxyType = 2;
			remoteGlobalIDString = D5FE3557163AF4370090BB94;
			remoteInfo = CocoaHTTPServerOSXTests;
		};
		0050562018BBF9FC0011E0B1 /* PBXContainerItemProxy */ = {
			isa = PBXContainerItemProxy;
			containerPortal = 0050560D18BBF9BE0011E0B1 /* CocoaHTTPServer.xcodeproj */;
			proxyType = 1;
			remoteGlobalIDString = 270B11B11628E676005A82FA;
			remoteInfo = CocoaHTTPServerOSX;
		};
		0050CCA018208ADA006D6247 /* PBXContainerItemProxy */ = {
			isa = PBXContainerItemProxy;
			containerPortal = 0050CC7318208ADA006D6247 /* Project object */;
			proxyType = 1;
			remoteGlobalIDString = 0050CC7A18208ADA006D6247;
			remoteInfo = MusicServer;
		};
		00F6D9FA18BC36920036F43F /* PBXContainerItemProxy */ = {
			isa = PBXContainerItemProxy;
			containerPortal = 00F6D9F218BC36920036F43F /* CocoaAsyncSocket.xcodeproj */;
			proxyType = 2;
			remoteGlobalIDString = 27FBB4D2162765FF0060C9AF;
			remoteInfo = CocoaAsyncSocketStaticIOS;
		};
		00F6D9FC18BC36920036F43F /* PBXContainerItemProxy */ = {
			isa = PBXContainerItemProxy;
			containerPortal = 00F6D9F218BC36920036F43F /* CocoaAsyncSocket.xcodeproj */;
			proxyType = 2;
			remoteGlobalIDString = 27FBB4EC162766610060C9AF;
			remoteInfo = CocoaAsyncSocketOSX;
		};
		00F6D9FE18BC36920036F43F /* PBXContainerItemProxy */ = {
			isa = PBXContainerItemProxy;
			containerPortal = 00F6D9F218BC36920036F43F /* CocoaAsyncSocket.xcodeproj */;
			proxyType = 2;
			remoteGlobalIDString = D5A25765163AE01700D1E001;
			remoteInfo = CocoaAsyncSocketIOSTests;
		};
		00F6DA0018BC36920036F43F /* PBXContainerItemProxy */ = {
			isa = PBXContainerItemProxy;
			containerPortal = 00F6D9F218BC36920036F43F /* CocoaAsyncSocket.xcodeproj */;
			proxyType = 2;
			remoteGlobalIDString = D5A257AD163AE12400D1E001;
			remoteInfo = CocoaAsyncSocketOSXTests;
		};
		00F6DA0A18BC36A40036F43F /* PBXContainerItemProxy */ = {
			isa = PBXContainerItemProxy;
			containerPortal = 00F6DA0218BC36A40036F43F /* CocoaLumberjack.xcodeproj */;
			proxyType = 2;
			remoteGlobalIDString = 2765C67C161CC34100E21ECB;
			remoteInfo = CocoaLumberjackStaticIOS;
		};
		00F6DA0C18BC36A40036F43F /* PBXContainerItemProxy */ = {
			isa = PBXContainerItemProxy;
			containerPortal = 00F6DA0218BC36A40036F43F /* CocoaLumberjack.xcodeproj */;
			proxyType = 2;
			remoteGlobalIDString = 2765C6CC161CCD2B00E21ECB;
			remoteInfo = CocoaLumberjackOSX;
		};
		00F6DA0E18BC36A40036F43F /* PBXContainerItemProxy */ = {
			isa = PBXContainerItemProxy;
			containerPortal = 00F6DA0218BC36A40036F43F /* CocoaLumberjack.xcodeproj */;
			proxyType = 2;
			remoteGlobalIDString = 271173A41634CCB20077D393;
			remoteInfo = CocoaLumberjackIOSTests;
		};
		00F6DA1018BC36A40036F43F /* PBXContainerItemProxy */ = {
			isa = PBXContainerItemProxy;
			containerPortal = 00F6DA0218BC36A40036F43F /* CocoaLumberjack.xcodeproj */;
			proxyType = 2;
			remoteGlobalIDString = 271173CF1634CE850077D393;
			remoteInfo = CocoaLumberjackOSXTests;
		};
		00F6DA1418BC36C70036F43F /* PBXContainerItemProxy */ = {
			isa = PBXContainerItemProxy;
			containerPortal = 00F6DA0218BC36A40036F43F /* CocoaLumberjack.xcodeproj */;
			proxyType = 1;
			remoteGlobalIDString = 2765C6CB161CCD2B00E21ECB;
			remoteInfo = CocoaLumberjackOSX;
		};
		00F6DA1618BC36CC0036F43F /* PBXContainerItemProxy */ = {
			isa = PBXContainerItemProxy;
			containerPortal = 00F6D9F218BC36920036F43F /* CocoaAsyncSocket.xcodeproj */;
			proxyType = 1;
			remoteGlobalIDString = 27FBB4EB162766610060C9AF;
			remoteInfo = CocoaAsyncSocketOSX;
		};
/* End PBXContainerItemProxy section */

/* Begin PBXCopyFilesBuildPhase section */
		00F6DA1818BC37110036F43F /* Copy Embedded Frameworks */ = {
			isa = PBXCopyFilesBuildPhase;
			buildActionMask = 2147483647;
			dstPath = "";
			dstSubfolderSpec = 10;
			files = (
				00326C8F18EA473100A28AAF /* LastFMAPI.framework in Copy Embedded Frameworks */,
				00F6DA1918BC37260036F43F /* CocoaLumberjack.framework in Copy Embedded Frameworks */,
				00F6DA1A18BC372E0036F43F /* CocoaAsyncSocket.framework in Copy Embedded Frameworks */,
				00F6DA1B18BC37360036F43F /* CocoaHTTPServer.framework in Copy Embedded Frameworks */,
			);
			name = "Copy Embedded Frameworks";
			runOnlyForDeploymentPostprocessing = 0;
		};
/* End PBXCopyFilesBuildPhase section */

/* Begin PBXFileReference section */
		00002EB918ECCB3800243001 /* AMHTTPMusicServer.h */ = {isa = PBXFileReference; fileEncoding = 4; lastKnownFileType = sourcecode.c.h; path = AMHTTPMusicServer.h; sourceTree = "<group>"; };
		00002EBA18ECCB3800243001 /* AMHTTPMusicServer.m */ = {isa = PBXFileReference; fileEncoding = 4; lastKnownFileType = sourcecode.c.objc; path = AMHTTPMusicServer.m; sourceTree = "<group>"; };
		00002ED518EE0FC600243001 /* AMHTTPFileResponse.h */ = {isa = PBXFileReference; fileEncoding = 4; lastKnownFileType = sourcecode.c.h; path = AMHTTPFileResponse.h; sourceTree = "<group>"; };
		00002ED618EE0FC600243001 /* AMHTTPFileResponse.m */ = {isa = PBXFileReference; fileEncoding = 4; lastKnownFileType = sourcecode.c.objc; path = AMHTTPFileResponse.m; sourceTree = "<group>"; };
		0005BA94182196B700C17FA9 /* AMJSONAPIData.h */ = {isa = PBXFileReference; fileEncoding = 4; lastKnownFileType = sourcecode.c.h; path = AMJSONAPIData.h; sourceTree = "<group>"; };
		0005BA95182196B700C17FA9 /* AMJSONAPIData.m */ = {isa = PBXFileReference; fileEncoding = 4; lastKnownFileType = sourcecode.c.objc; path = AMJSONAPIData.m; sourceTree = "<group>"; };
		0005BA98182196CC00C17FA9 /* IAModelBase.h */ = {isa = PBXFileReference; fileEncoding = 4; lastKnownFileType = sourcecode.c.h; path = IAModelBase.h; sourceTree = "<group>"; };
		0005BA99182196CC00C17FA9 /* IAModelBase.m */ = {isa = PBXFileReference; fileEncoding = 4; lastKnownFileType = sourcecode.c.objc; path = IAModelBase.m; sourceTree = "<group>"; };
		0005BA9A182196CC00C17FA9 /* IAModelCollectionBase.h */ = {isa = PBXFileReference; fileEncoding = 4; lastKnownFileType = sourcecode.c.h; path = IAModelCollectionBase.h; sourceTree = "<group>"; };
		0005BA9B182196CC00C17FA9 /* IAModelCollectionBase.m */ = {isa = PBXFileReference; fileEncoding = 4; lastKnownFileType = sourcecode.c.objc; path = IAModelCollectionBase.m; sourceTree = "<group>"; };
		0005BA9E1821A59A00C17FA9 /* AMJSONAPIDataObjects.h */ = {isa = PBXFileReference; fileEncoding = 4; lastKnownFileType = sourcecode.c.h; path = AMJSONAPIDataObjects.h; sourceTree = "<group>"; };
		0005BA9F1821A59A00C17FA9 /* AMJSONAPIDataObjects.m */ = {isa = PBXFileReference; fileEncoding = 4; lastKnownFileType = sourcecode.c.objc; path = AMJSONAPIDataObjects.m; sourceTree = "<group>"; };
		00245CBF18209E2900506730 /* AMJSONResponder.h */ = {isa = PBXFileReference; fileEncoding = 4; lastKnownFileType = sourcecode.c.h; path = AMJSONResponder.h; sourceTree = "<group>"; };
		00245CC018209E2900506730 /* AMJSONResponder.m */ = {isa = PBXFileReference; fileEncoding = 4; lastKnownFileType = sourcecode.c.objc; path = AMJSONResponder.m; sourceTree = "<group>"; };
		00326C8518EA08B300A28AAF /* PreferencesWindow.h */ = {isa = PBXFileReference; fileEncoding = 4; lastKnownFileType = sourcecode.c.h; path = PreferencesWindow.h; sourceTree = "<group>"; };
		00326C8618EA08B300A28AAF /* PreferencesWindow.m */ = {isa = PBXFileReference; fileEncoding = 4; lastKnownFileType = sourcecode.c.objc; path = PreferencesWindow.m; sourceTree = "<group>"; };
		00326C8818EA46E300A28AAF /* LastFMAPI.xcodeproj */ = {isa = PBXFileReference; lastKnownFileType = "wrapper.pb-project"; name = LastFMAPI.xcodeproj; path = MusicServer/Frameworks/LastFMAPI/LastFMAPI.xcodeproj; sourceTree = "<group>"; };
		00326C9418EA4DD300A28AAF /* AMLastFMCommunicationManager.h */ = {isa = PBXFileReference; fileEncoding = 4; lastKnownFileType = sourcecode.c.h; path = AMLastFMCommunicationManager.h; sourceTree = "<group>"; };
		00326C9518EA4DD300A28AAF /* AMLastFMCommunicationManager.m */ = {isa = PBXFileReference; fileEncoding = 4; lastKnownFileType = sourcecode.c.objc; path = AMLastFMCommunicationManager.m; sourceTree = "<group>"; };
		00326C9718EA502B00A28AAF /* AMLastFMAPISecrets.h */ = {isa = PBXFileReference; lastKnownFileType = sourcecode.c.h; path = AMLastFMAPISecrets.h; sourceTree = "<group>"; };
		00326C9818EA54AE00A28AAF /* AMScrobbleManagerDelegate.h */ = {isa = PBXFileReference; lastKnownFileType = sourcecode.c.h; path = AMScrobbleManagerDelegate.h; sourceTree = "<group>"; };
		00326C9918EB65E400A28AAF /* AMMusicServer.p12 */ = {isa = PBXFileReference; lastKnownFileType = file; path = AMMusicServer.p12; sourceTree = "<group>"; };
		00445B541826F98000174020 /* AMAudioConverter.h */ = {isa = PBXFileReference; fileEncoding = 4; lastKnownFileType = sourcecode.c.h; path = AMAudioConverter.h; sourceTree = "<group>"; };
		00445B551826F98000174020 /* AMAudioConverter.mm */ = {isa = PBXFileReference; fileEncoding = 4; lastKnownFileType = sourcecode.cpp.objcpp; path = AMAudioConverter.mm; sourceTree = "<group>"; };
		00445B571826F99C00174020 /* AudioToolbox.framework */ = {isa = PBXFileReference; lastKnownFileType = wrapper.framework; name = AudioToolbox.framework; path = System/Library/Frameworks/AudioToolbox.framework; sourceTree = SDKROOT; };
		00445B5C1826FE0D00174020 /* CADebugMacros.h */ = {isa = PBXFileReference; fileEncoding = 4; lastKnownFileType = sourcecode.c.h; path = CADebugMacros.h; sourceTree = "<group>"; };
		00445B5D1826FE0D00174020 /* CAMath.h */ = {isa = PBXFileReference; fileEncoding = 4; lastKnownFileType = sourcecode.c.h; path = CAMath.h; sourceTree = "<group>"; };
		00445B5E1826FE0D00174020 /* CAStreamBasicDescription.cpp */ = {isa = PBXFileReference; fileEncoding = 4; lastKnownFileType = sourcecode.cpp.cpp; path = CAStreamBasicDescription.cpp; sourceTree = "<group>"; };
		00445B5F1826FE0D00174020 /* CAStreamBasicDescription.h */ = {isa = PBXFileReference; fileEncoding = 4; lastKnownFileType = sourcecode.c.h; path = CAStreamBasicDescription.h; sourceTree = "<group>"; };
		00445B601826FE0D00174020 /* CAXException.cpp */ = {isa = PBXFileReference; fileEncoding = 4; lastKnownFileType = sourcecode.cpp.cpp; path = CAXException.cpp; sourceTree = "<group>"; };
		00445B611826FE0D00174020 /* CAXException.h */ = {isa = PBXFileReference; fileEncoding = 4; lastKnownFileType = sourcecode.c.h; path = CAXException.h; sourceTree = "<group>"; };
		00445B66182701E600174020 /* CADebugPrintf.h */ = {isa = PBXFileReference; fileEncoding = 4; lastKnownFileType = sourcecode.c.h; path = CADebugPrintf.h; sourceTree = "<group>"; };
		00445B6C1827065500174020 /* ExtAudioFileConvert.cpp */ = {isa = PBXFileReference; fileEncoding = 4; lastKnownFileType = sourcecode.cpp.cpp; path = ExtAudioFileConvert.cpp; sourceTree = "<group>"; };
		0050560D18BBF9BE0011E0B1 /* CocoaHTTPServer.xcodeproj */ = {isa = PBXFileReference; lastKnownFileType = "wrapper.pb-project"; name = CocoaHTTPServer.xcodeproj; path = MusicServer/Frameworks/CocoaHTTPServerFramework/CocoaHTTPServer.xcodeproj; sourceTree = "<group>"; };
		0050562218BBFBBD0011E0B1 /* AMHTTPConnection.h */ = {isa = PBXFileReference; fileEncoding = 4; lastKnownFileType = sourcecode.c.h; path = AMHTTPConnection.h; sourceTree = "<group>"; };
		0050562318BBFBBD0011E0B1 /* AMHTTPConnection.m */ = {isa = PBXFileReference; fileEncoding = 4; lastKnownFileType = sourcecode.c.objc; path = AMHTTPConnection.m; sourceTree = "<group>"; };
		0050CC7B18208ADA006D6247 /* MusicServer.app */ = {isa = PBXFileReference; explicitFileType = wrapper.application; includeInIndex = 0; path = MusicServer.app; sourceTree = BUILT_PRODUCTS_DIR; };
		0050CC7E18208ADA006D6247 /* Cocoa.framework */ = {isa = PBXFileReference; lastKnownFileType = wrapper.framework; name = Cocoa.framework; path = System/Library/Frameworks/Cocoa.framework; sourceTree = SDKROOT; };
		0050CC8118208ADA006D6247 /* AppKit.framework */ = {isa = PBXFileReference; lastKnownFileType = wrapper.framework; name = AppKit.framework; path = System/Library/Frameworks/AppKit.framework; sourceTree = SDKROOT; };
		0050CC8218208ADA006D6247 /* CoreData.framework */ = {isa = PBXFileReference; lastKnownFileType = wrapper.framework; name = CoreData.framework; path = System/Library/Frameworks/CoreData.framework; sourceTree = SDKROOT; };
		0050CC8318208ADA006D6247 /* Foundation.framework */ = {isa = PBXFileReference; lastKnownFileType = wrapper.framework; name = Foundation.framework; path = System/Library/Frameworks/Foundation.framework; sourceTree = SDKROOT; };
		0050CC8618208ADA006D6247 /* MusicServer-Info.plist */ = {isa = PBXFileReference; lastKnownFileType = text.plist.xml; path = "MusicServer-Info.plist"; sourceTree = "<group>"; };
		0050CC8818208ADA006D6247 /* en */ = {isa = PBXFileReference; lastKnownFileType = text.plist.strings; name = en; path = en.lproj/InfoPlist.strings; sourceTree = "<group>"; };
		0050CC8A18208ADA006D6247 /* main.m */ = {isa = PBXFileReference; lastKnownFileType = sourcecode.c.objc; path = main.m; sourceTree = "<group>"; };
		0050CC8C18208ADA006D6247 /* MusicServer-Prefix.pch */ = {isa = PBXFileReference; lastKnownFileType = sourcecode.c.h; path = "MusicServer-Prefix.pch"; sourceTree = "<group>"; };
		0050CC9018208ADA006D6247 /* AppDelegate.h */ = {isa = PBXFileReference; lastKnownFileType = sourcecode.c.h; path = AppDelegate.h; sourceTree = "<group>"; };
		0050CC9118208ADA006D6247 /* AppDelegate.m */ = {isa = PBXFileReference; lastKnownFileType = sourcecode.c.objc; path = AppDelegate.m; sourceTree = "<group>"; };
		0050CC9418208ADA006D6247 /* Base */ = {isa = PBXFileReference; lastKnownFileType = file.xib; name = Base; path = Base.lproj/Application.xib; sourceTree = "<group>"; };
		0050CC9618208ADA006D6247 /* Images.xcassets */ = {isa = PBXFileReference; lastKnownFileType = folder.assetcatalog; path = Images.xcassets; sourceTree = "<group>"; };
		0050CC9C18208ADA006D6247 /* MusicServerTests.xctest */ = {isa = PBXFileReference; explicitFileType = wrapper.cfbundle; includeInIndex = 0; path = MusicServerTests.xctest; sourceTree = BUILT_PRODUCTS_DIR; };
		0050CC9D18208ADA006D6247 /* XCTest.framework */ = {isa = PBXFileReference; lastKnownFileType = wrapper.framework; name = XCTest.framework; path = Library/Frameworks/XCTest.framework; sourceTree = DEVELOPER_DIR; };
		0050CCA418208ADA006D6247 /* MusicServerTests-Info.plist */ = {isa = PBXFileReference; lastKnownFileType = text.plist.xml; path = "MusicServerTests-Info.plist"; sourceTree = "<group>"; };
		0050CCA618208ADA006D6247 /* en */ = {isa = PBXFileReference; lastKnownFileType = text.plist.strings; name = en; path = en.lproj/InfoPlist.strings; sourceTree = "<group>"; };
		0050CCA818208ADA006D6247 /* MusicServerTests.m */ = {isa = PBXFileReference; lastKnownFileType = sourcecode.c.objc; path = MusicServerTests.m; sourceTree = "<group>"; };
		0052E33218EFFF5C0046BA8C /* AMPercentageValueUpdater.h */ = {isa = PBXFileReference; lastKnownFileType = sourcecode.c.h; path = AMPercentageValueUpdater.h; sourceTree = "<group>"; };
		00669DA9199D5D960041673D /* codesign-frameworks.sh */ = {isa = PBXFileReference; lastKnownFileType = text.script.sh; name = "codesign-frameworks.sh"; path = "Scripts/codesign-frameworks.sh"; sourceTree = "<group>"; };
		00669DAE199D5FC40041673D /* MusicServer.entitlements */ = {isa = PBXFileReference; lastKnownFileType = text.xml; path = MusicServer.entitlements; sourceTree = "<group>"; };
		00669DAF199D61BC0041673D /* copy-application.sh */ = {isa = PBXFileReference; lastKnownFileType = text.script.sh; name = "copy-application.sh"; path = "Scripts/copy-application.sh"; sourceTree = "<group>"; };
		00720C74199D6BE90093B25F /* xcode-build-bump.sh */ = {isa = PBXFileReference; lastKnownFileType = text.script.sh; name = "xcode-build-bump.sh"; path = "Scripts/xcode-build-bump.sh"; sourceTree = "<group>"; };
		00720C75199D6BE90093B25F /* xcode-version-bump.sh */ = {isa = PBXFileReference; lastKnownFileType = text.script.sh; name = "xcode-version-bump.sh"; path = "Scripts/xcode-version-bump.sh"; sourceTree = "<group>"; };
		00801461199BEF9600B0D1B0 /* public */ = {isa = PBXFileReference; lastKnownFileType = folder; name = public; path = MusicServer/GUI/public; sourceTree = "<group>"; };
		009D49A118D44F83006CA309 /* AMHTTPErrorResponse.h */ = {isa = PBXFileReference; fileEncoding = 4; lastKnownFileType = sourcecode.c.h; path = AMHTTPErrorResponse.h; sourceTree = "<group>"; };
		009D49A218D44F83006CA309 /* AMHTTPErrorResponse.m */ = {isa = PBXFileReference; fileEncoding = 4; lastKnownFileType = sourcecode.c.objc; path = AMHTTPErrorResponse.m; sourceTree = "<group>"; };
		009D49A418D450FE006CA309 /* AMAPIDataResponder.h */ = {isa = PBXFileReference; lastKnownFileType = sourcecode.c.h; path = AMAPIDataResponder.h; sourceTree = "<group>"; };
		009D49A518D4527D006CA309 /* AMAPIAuthenticationDataResponder.h */ = {isa = PBXFileReference; lastKnownFileType = sourcecode.c.h; path = AMAPIAuthenticationDataResponder.h; sourceTree = "<group>"; };
		00B6DF8C199D6EED00B6DDE8 /* codesign-application.sh */ = {isa = PBXFileReference; lastKnownFileType = text.script.sh; name = "codesign-application.sh"; path = "Scripts/codesign-application.sh"; sourceTree = "<group>"; };
		00CBBCEC18C2CF900063DBF6 /* AMHTTPAsyncJSONResponse.h */ = {isa = PBXFileReference; fileEncoding = 4; lastKnownFileType = sourcecode.c.h; path = AMHTTPAsyncJSONResponse.h; sourceTree = "<group>"; };
		00CBBCED18C2CF900063DBF6 /* AMHTTPAsyncJSONResponse.m */ = {isa = PBXFileReference; fileEncoding = 4; lastKnownFileType = sourcecode.c.objc; path = AMHTTPAsyncJSONResponse.m; sourceTree = "<group>"; };
		00CBBCF418C35F990063DBF6 /* Security.framework */ = {isa = PBXFileReference; lastKnownFileType = wrapper.framework; name = Security.framework; path = System/Library/Frameworks/Security.framework; sourceTree = SDKROOT; };
		00D82E9918D5A98A0090E3EB /* AMAuthenticationHandler.h */ = {isa = PBXFileReference; fileEncoding = 4; lastKnownFileType = sourcecode.c.h; path = AMAuthenticationHandler.h; sourceTree = "<group>"; };
		00D82E9A18D5A98A0090E3EB /* AMAuthenticationHandler.m */ = {isa = PBXFileReference; fileEncoding = 4; lastKnownFileType = sourcecode.c.objc; path = AMAuthenticationHandler.m; sourceTree = "<group>"; };
		00DAE0E3182542EC007B6ABC /* AMAPIHandlerITunes.h */ = {isa = PBXFileReference; fileEncoding = 4; lastKnownFileType = sourcecode.c.h; path = AMAPIHandlerITunes.h; sourceTree = "<group>"; };
		00DAE0E4182542EC007B6ABC /* AMAPIHandlerITunes.m */ = {isa = PBXFileReference; fileEncoding = 4; lastKnownFileType = sourcecode.c.objc; path = AMAPIHandlerITunes.m; sourceTree = "<group>"; };
		00DAE0E6182545D5007B6ABC /* iTunesLibrary.framework */ = {isa = PBXFileReference; lastKnownFileType = wrapper.framework; name = iTunesLibrary.framework; path = ../../../../../Library/Frameworks/iTunesLibrary.framework; sourceTree = "<group>"; };
		00E192E318BD2B1500B5A8D5 /* AMPersistentData.h */ = {isa = PBXFileReference; fileEncoding = 4; lastKnownFileType = sourcecode.c.h; path = AMPersistentData.h; sourceTree = "<group>"; };
		00E192E418BD2B1500B5A8D5 /* AMPersistentData.m */ = {isa = PBXFileReference; fileEncoding = 4; lastKnownFileType = sourcecode.c.objc; path = AMPersistentData.m; sourceTree = "<group>"; };
		00E192F218BD2CA200B5A8D5 /* com.acm.AMMusicServer.plist */ = {isa = PBXFileReference; fileEncoding = 4; lastKnownFileType = text.plist.xml; path = com.acm.AMMusicServer.plist; sourceTree = "<group>"; };
		00E192F418BD3B6A00B5A8D5 /* AMMusicServerActiveData.h */ = {isa = PBXFileReference; fileEncoding = 4; lastKnownFileType = sourcecode.c.h; path = AMMusicServerActiveData.h; sourceTree = "<group>"; };
		00E192F518BD3B6A00B5A8D5 /* AMMusicServerActiveData.m */ = {isa = PBXFileReference; fileEncoding = 4; lastKnownFileType = sourcecode.c.objc; path = AMMusicServerActiveData.m; sourceTree = "<group>"; };
		00F6D9F218BC36920036F43F /* CocoaAsyncSocket.xcodeproj */ = {isa = PBXFileReference; lastKnownFileType = "wrapper.pb-project"; name = CocoaAsyncSocket.xcodeproj; path = MusicServer/Frameworks/CocoaHTTPServerFramework/Frameworks/CocoaAsyncSocket/CocoaAsyncSocket.xcodeproj; sourceTree = "<group>"; };
		00F6DA0218BC36A40036F43F /* CocoaLumberjack.xcodeproj */ = {isa = PBXFileReference; lastKnownFileType = "wrapper.pb-project"; name = CocoaLumberjack.xcodeproj; path = MusicServer/Frameworks/CocoaHTTPServerFramework/Frameworks/CocoaAsyncSocket/Frameworks/CocoaLumberjack/CocoaLumberjack.xcodeproj; sourceTree = "<group>"; };
/* End PBXFileReference section */

/* Begin PBXFrameworksBuildPhase section */
		0050CC7818208ADA006D6247 /* Frameworks */ = {
			isa = PBXFrameworksBuildPhase;
			buildActionMask = 2147483647;
			files = (
				00CBBCF518C35F990063DBF6 /* Security.framework in Frameworks */,
				00445B581826F99C00174020 /* AudioToolbox.framework in Frameworks */,
				00DAE0E7182545D5007B6ABC /* iTunesLibrary.framework in Frameworks */,
				0050CC7F18208ADA006D6247 /* Cocoa.framework in Frameworks */,
				00326C8E18EA471D00A28AAF /* LastFMAPI.framework in Frameworks */,
				0050562818BC0B040011E0B1 /* CocoaHTTPServer.framework in Frameworks */,
				00F6DA1218BC36B90036F43F /* CocoaLumberjack.framework in Frameworks */,
				00F6DA1318BC36BC0036F43F /* CocoaAsyncSocket.framework in Frameworks */,
			);
			runOnlyForDeploymentPostprocessing = 0;
		};
		0050CC9918208ADA006D6247 /* Frameworks */ = {
			isa = PBXFrameworksBuildPhase;
			buildActionMask = 2147483647;
			files = (
				0050CC9F18208ADA006D6247 /* Cocoa.framework in Frameworks */,
				0050CC9E18208ADA006D6247 /* XCTest.framework in Frameworks */,
			);
			runOnlyForDeploymentPostprocessing = 0;
		};
/* End PBXFrameworksBuildPhase section */

/* Begin PBXGroup section */
		0005BA97182196CC00C17FA9 /* IAModelBase */ = {
			isa = PBXGroup;
			children = (
				0005BA98182196CC00C17FA9 /* IAModelBase.h */,
				0005BA99182196CC00C17FA9 /* IAModelBase.m */,
				0005BA9A182196CC00C17FA9 /* IAModelCollectionBase.h */,
				0005BA9B182196CC00C17FA9 /* IAModelCollectionBase.m */,
			);
			name = IAModelBase;
			path = MusicServer/IAModelBase;
			sourceTree = "<group>";
		};
		00234280199D5D05007D3AC6 /* Scripts */ = {
			isa = PBXGroup;
			children = (
				00720C74199D6BE90093B25F /* xcode-build-bump.sh */,
				00720C75199D6BE90093B25F /* xcode-version-bump.sh */,
				00B6DF8C199D6EED00B6DDE8 /* codesign-application.sh */,
				00669DA9199D5D960041673D /* codesign-frameworks.sh */,
				00669DAF199D61BC0041673D /* copy-application.sh */,
			);
			name = Scripts;
			sourceTree = "<group>";
		};
		00326C8918EA46E300A28AAF /* Products */ = {
			isa = PBXGroup;
			children = (
				00326C8D18EA46E300A28AAF /* LastFMAPI.framework */,
			);
			name = Products;
			sourceTree = "<group>";
		};
		00326C9218EA4A5B00A28AAF /* LastFM */ = {
			isa = PBXGroup;
			children = (
				00326C9418EA4DD300A28AAF /* AMLastFMCommunicationManager.h */,
				00326C9518EA4DD300A28AAF /* AMLastFMCommunicationManager.m */,
				00326C9718EA502B00A28AAF /* AMLastFMAPISecrets.h */,
				00326C9818EA54AE00A28AAF /* AMScrobbleManagerDelegate.h */,
			);
			name = LastFM;
			sourceTree = "<group>";
		};
		00445B5B1826FE0D00174020 /* AudioConversion */ = {
			isa = PBXGroup;
			children = (
				00445B6C1827065500174020 /* ExtAudioFileConvert.cpp */,
				00445B66182701E600174020 /* CADebugPrintf.h */,
				00445B5C1826FE0D00174020 /* CADebugMacros.h */,
				00445B5D1826FE0D00174020 /* CAMath.h */,
				00445B5E1826FE0D00174020 /* CAStreamBasicDescription.cpp */,
				00445B5F1826FE0D00174020 /* CAStreamBasicDescription.h */,
				00445B601826FE0D00174020 /* CAXException.cpp */,
				00445B611826FE0D00174020 /* CAXException.h */,
			);
			name = AudioConversion;
			path = MusicServer/AudioConversion;
			sourceTree = "<group>";
		};
		0050560E18BBF9BE0011E0B1 /* Products */ = {
			isa = PBXGroup;
			children = (
				0050561918BBF9BF0011E0B1 /* libCocoaHTTPServer.a */,
				0050561B18BBF9BF0011E0B1 /* CocoaHTTPServer.framework */,
				0050561D18BBF9BF0011E0B1 /* CocoaHTTPServerIOSTests.octest */,
				0050561F18BBF9BF0011E0B1 /* CocoaHTTPServerOSXTests.octest */,
			);
			name = Products;
			sourceTree = "<group>";
		};
		0050CC7218208ADA006D6247 = {
			isa = PBXGroup;
			children = (
				00234280199D5D05007D3AC6 /* Scripts */,
				00801461199BEF9600B0D1B0 /* public */,
				0050CC8418208ADA006D6247 /* MusicServer */,
				0050CCA218208ADA006D6247 /* MusicServerTests */,
				0050CC7D18208ADA006D6247 /* Frameworks */,
				0050CC7C18208ADA006D6247 /* Products */,
			);
			sourceTree = "<group>";
		};
		0050CC7C18208ADA006D6247 /* Products */ = {
			isa = PBXGroup;
			children = (
				0050CC7B18208ADA006D6247 /* MusicServer.app */,
				0050CC9C18208ADA006D6247 /* MusicServerTests.xctest */,
			);
			name = Products;
			sourceTree = "<group>";
		};
		0050CC7D18208ADA006D6247 /* Frameworks */ = {
			isa = PBXGroup;
			children = (
				00CBBCF418C35F990063DBF6 /* Security.framework */,
				00445B5B1826FE0D00174020 /* AudioConversion */,
				0005BA97182196CC00C17FA9 /* IAModelBase */,
				00326C8818EA46E300A28AAF /* LastFMAPI.xcodeproj */,
				00F6DA0218BC36A40036F43F /* CocoaLumberjack.xcodeproj */,
				00F6D9F218BC36920036F43F /* CocoaAsyncSocket.xcodeproj */,
				0050560D18BBF9BE0011E0B1 /* CocoaHTTPServer.xcodeproj */,
				00445B571826F99C00174020 /* AudioToolbox.framework */,
				00DAE0E6182545D5007B6ABC /* iTunesLibrary.framework */,
				0050CC7E18208ADA006D6247 /* Cocoa.framework */,
				0050CC9D18208ADA006D6247 /* XCTest.framework */,
				0050CC8018208ADA006D6247 /* Other Frameworks */,
			);
			name = Frameworks;
			sourceTree = "<group>";
		};
		0050CC8018208ADA006D6247 /* Other Frameworks */ = {
			isa = PBXGroup;
			children = (
				0050CC8118208ADA006D6247 /* AppKit.framework */,
				0050CC8218208ADA006D6247 /* CoreData.framework */,
				0050CC8318208ADA006D6247 /* Foundation.framework */,
			);
			name = "Other Frameworks";
			sourceTree = "<group>";
		};
		0050CC8418208ADA006D6247 /* MusicServer */ = {
			isa = PBXGroup;
			children = (
				00669DAE199D5FC40041673D /* MusicServer.entitlements */,
				00326C9218EA4A5B00A28AAF /* LastFM */,
				00D82E9D18D5AC2C0090E3EB /* Protocols */,
				00D82E9C18D5AC1F0090E3EB /* Authentication */,
				00CBBCF018C33C0F0063DBF6 /* JSON */,
				00CBBCEF18C337A60063DBF6 /* HTTP */,
				00FBC6EA18BE871A0023E4C5 /* ActiveData */,
				00DAE0E218254215007B6ABC /* ITunesHandler */,
				0050CC8518208ADA006D6247 /* Supporting Files */,
				0050CC9318208ADA006D6247 /* Application.xib */,
				0050CC9018208ADA006D6247 /* AppDelegate.h */,
				0050CC9118208ADA006D6247 /* AppDelegate.m */,
				00326C8518EA08B300A28AAF /* PreferencesWindow.h */,
				00326C8618EA08B300A28AAF /* PreferencesWindow.m */,
			);
			path = MusicServer;
			sourceTree = "<group>";
		};
		0050CC8518208ADA006D6247 /* Supporting Files */ = {
			isa = PBXGroup;
			children = (
				0050CC9618208ADA006D6247 /* Images.xcassets */,
				00326C9918EB65E400A28AAF /* AMMusicServer.p12 */,
				00E192F218BD2CA200B5A8D5 /* com.acm.AMMusicServer.plist */,
				0050CC8618208ADA006D6247 /* MusicServer-Info.plist */,
				0050CC8718208ADA006D6247 /* InfoPlist.strings */,
				0050CC8A18208ADA006D6247 /* main.m */,
				0050CC8C18208ADA006D6247 /* MusicServer-Prefix.pch */,
			);
			name = "Supporting Files";
			sourceTree = "<group>";
		};
		0050CCA218208ADA006D6247 /* MusicServerTests */ = {
			isa = PBXGroup;
			children = (
				0050CCA818208ADA006D6247 /* MusicServerTests.m */,
				0050CCA318208ADA006D6247 /* Supporting Files */,
			);
			path = MusicServerTests;
			sourceTree = "<group>";
		};
		0050CCA318208ADA006D6247 /* Supporting Files */ = {
			isa = PBXGroup;
			children = (
				0050CCA418208ADA006D6247 /* MusicServerTests-Info.plist */,
				0050CCA518208ADA006D6247 /* InfoPlist.strings */,
			);
			name = "Supporting Files";
			sourceTree = "<group>";
		};
		00CBBCEF18C337A60063DBF6 /* HTTP */ = {
			isa = PBXGroup;
			children = (
				00CBBCEC18C2CF900063DBF6 /* AMHTTPAsyncJSONResponse.h */,
				00CBBCED18C2CF900063DBF6 /* AMHTTPAsyncJSONResponse.m */,
				0050562218BBFBBD0011E0B1 /* AMHTTPConnection.h */,
				0050562318BBFBBD0011E0B1 /* AMHTTPConnection.m */,
				009D49A118D44F83006CA309 /* AMHTTPErrorResponse.h */,
				009D49A218D44F83006CA309 /* AMHTTPErrorResponse.m */,
				00002EB918ECCB3800243001 /* AMHTTPMusicServer.h */,
				00002EBA18ECCB3800243001 /* AMHTTPMusicServer.m */,
				00002ED518EE0FC600243001 /* AMHTTPFileResponse.h */,
				00002ED618EE0FC600243001 /* AMHTTPFileResponse.m */,
			);
			name = HTTP;
			sourceTree = "<group>";
		};
		00CBBCF018C33C0F0063DBF6 /* JSON */ = {
			isa = PBXGroup;
			children = (
				00245CBF18209E2900506730 /* AMJSONResponder.h */,
				00245CC018209E2900506730 /* AMJSONResponder.m */,
				0005BA94182196B700C17FA9 /* AMJSONAPIData.h */,
				0005BA95182196B700C17FA9 /* AMJSONAPIData.m */,
				0005BA9E1821A59A00C17FA9 /* AMJSONAPIDataObjects.h */,
				0005BA9F1821A59A00C17FA9 /* AMJSONAPIDataObjects.m */,
			);
			name = JSON;
			sourceTree = "<group>";
		};
		00D82E9C18D5AC1F0090E3EB /* Authentication */ = {
			isa = PBXGroup;
			children = (
				00D82E9918D5A98A0090E3EB /* AMAuthenticationHandler.h */,
				00D82E9A18D5A98A0090E3EB /* AMAuthenticationHandler.m */,
			);
			name = Authentication;
			sourceTree = "<group>";
		};
		00D82E9D18D5AC2C0090E3EB /* Protocols */ = {
			isa = PBXGroup;
			children = (
				009D49A518D4527D006CA309 /* AMAPIAuthenticationDataResponder.h */,
				009D49A418D450FE006CA309 /* AMAPIDataResponder.h */,
				0052E33218EFFF5C0046BA8C /* AMPercentageValueUpdater.h */,
			);
			name = Protocols;
			sourceTree = "<group>";
		};
		00DAE0E218254215007B6ABC /* ITunesHandler */ = {
			isa = PBXGroup;
			children = (
				00445B541826F98000174020 /* AMAudioConverter.h */,
				00445B551826F98000174020 /* AMAudioConverter.mm */,
				00DAE0E3182542EC007B6ABC /* AMAPIHandlerITunes.h */,
				00DAE0E4182542EC007B6ABC /* AMAPIHandlerITunes.m */,
			);
			name = ITunesHandler;
			sourceTree = "<group>";
		};
		00F6D9F318BC36920036F43F /* Products */ = {
			isa = PBXGroup;
			children = (
				00F6D9FB18BC36920036F43F /* libCocoaAsyncSocket.a */,
				00F6D9FD18BC36920036F43F /* CocoaAsyncSocket.framework */,
				00F6D9FF18BC36920036F43F /* CocoaAsyncSocketIOSTests.octest */,
				00F6DA0118BC36920036F43F /* CocoaAsyncSocketOSXTests.octest */,
			);
			name = Products;
			sourceTree = "<group>";
		};
		00F6DA0318BC36A40036F43F /* Products */ = {
			isa = PBXGroup;
			children = (
				00F6DA0B18BC36A40036F43F /* libCocoaLumberjack.a */,
				00F6DA0D18BC36A40036F43F /* CocoaLumberjack.framework */,
				00F6DA0F18BC36A40036F43F /* CocoaLumberjackIOSTests.octest */,
				00F6DA1118BC36A40036F43F /* CocoaLumberjackOSXTests.octest */,
			);
			name = Products;
			sourceTree = "<group>";
		};
		00FBC6EA18BE871A0023E4C5 /* ActiveData */ = {
			isa = PBXGroup;
			children = (
				00E192F418BD3B6A00B5A8D5 /* AMMusicServerActiveData.h */,
				00E192F518BD3B6A00B5A8D5 /* AMMusicServerActiveData.m */,
				00E192E318BD2B1500B5A8D5 /* AMPersistentData.h */,
				00E192E418BD2B1500B5A8D5 /* AMPersistentData.m */,
			);
			name = ActiveData;
			sourceTree = "<group>";
		};
/* End PBXGroup section */

/* Begin PBXNativeTarget section */
		0050CC7A18208ADA006D6247 /* MusicServer */ = {
			isa = PBXNativeTarget;
			buildConfigurationList = 0050CCAC18208ADA006D6247 /* Build configuration list for PBXNativeTarget "MusicServer" */;
			buildPhases = (
				0050CC7718208ADA006D6247 /* Sources */,
				0050CC7818208ADA006D6247 /* Frameworks */,
				00720C76199D6BF20093B25F /* Increment Version & Build Numbers */,
				0050CC7918208ADA006D6247 /* Resources */,
				00F6DA1818BC37110036F43F /* Copy Embedded Frameworks */,
				00D68FFE18F7CB94005585BB /* Code Sign Embedded Frameworks */,
				00B6DF8D199D70BA00B6DDE8 /* Code Sign Application */,
				00D6900B18F7CCA0005585BB /* Update Applications folder and create DMG */,
			);
			buildRules = (
			);
			dependencies = (
				00326C9118EA474200A28AAF /* PBXTargetDependency */,
				00F6DA1718BC36CC0036F43F /* PBXTargetDependency */,
				00F6DA1518BC36C70036F43F /* PBXTargetDependency */,
				0050562118BBF9FC0011E0B1 /* PBXTargetDependency */,
			);
			name = MusicServer;
			productName = MusicServer;
			productReference = 0050CC7B18208ADA006D6247 /* MusicServer.app */;
			productType = "com.apple.product-type.application";
		};
		0050CC9B18208ADA006D6247 /* MusicServerTests */ = {
			isa = PBXNativeTarget;
			buildConfigurationList = 0050CCAF18208ADA006D6247 /* Build configuration list for PBXNativeTarget "MusicServerTests" */;
			buildPhases = (
				0050CC9818208ADA006D6247 /* Sources */,
				0050CC9918208ADA006D6247 /* Frameworks */,
				0050CC9A18208ADA006D6247 /* Resources */,
			);
			buildRules = (
			);
			dependencies = (
				0050CCA118208ADA006D6247 /* PBXTargetDependency */,
			);
			name = MusicServerTests;
			productName = MusicServerTests;
			productReference = 0050CC9C18208ADA006D6247 /* MusicServerTests.xctest */;
			productType = "com.apple.product-type.bundle.unit-test";
		};
/* End PBXNativeTarget section */

/* Begin PBXProject section */
		0050CC7318208ADA006D6247 /* Project object */ = {
			isa = PBXProject;
			attributes = {
				LastUpgradeCheck = 0500;
				ORGANIZATIONNAME = "Anthony Martin";
				TargetAttributes = {
					0050CC7A18208ADA006D6247 = {
						DevelopmentTeam = DD9R5N89H9;
						SystemCapabilities = {
							com.apple.Keychain = {
								enabled = 1;
							};
							com.apple.iCloud = {
								enabled = 0;
							};
						};
					};
					0050CC9B18208ADA006D6247 = {
						TestTargetID = 0050CC7A18208ADA006D6247;
					};
				};
			};
			buildConfigurationList = 0050CC7618208ADA006D6247 /* Build configuration list for PBXProject "MusicServer" */;
			compatibilityVersion = "Xcode 3.2";
			developmentRegion = English;
			hasScannedForEncodings = 0;
			knownRegions = (
				en,
				Base,
			);
			mainGroup = 0050CC7218208ADA006D6247;
			productRefGroup = 0050CC7C18208ADA006D6247 /* Products */;
			projectDirPath = "";
			projectReferences = (
				{
					ProductGroup = 00F6D9F318BC36920036F43F /* Products */;
					ProjectRef = 00F6D9F218BC36920036F43F /* CocoaAsyncSocket.xcodeproj */;
				},
				{
					ProductGroup = 0050560E18BBF9BE0011E0B1 /* Products */;
					ProjectRef = 0050560D18BBF9BE0011E0B1 /* CocoaHTTPServer.xcodeproj */;
				},
				{
					ProductGroup = 00F6DA0318BC36A40036F43F /* Products */;
					ProjectRef = 00F6DA0218BC36A40036F43F /* CocoaLumberjack.xcodeproj */;
				},
				{
					ProductGroup = 00326C8918EA46E300A28AAF /* Products */;
					ProjectRef = 00326C8818EA46E300A28AAF /* LastFMAPI.xcodeproj */;
				},
			);
			projectRoot = "";
			targets = (
				0050CC7A18208ADA006D6247 /* MusicServer */,
				0050CC9B18208ADA006D6247 /* MusicServerTests */,
			);
		};
/* End PBXProject section */

/* Begin PBXReferenceProxy section */
		00326C8D18EA46E300A28AAF /* LastFMAPI.framework */ = {
			isa = PBXReferenceProxy;
			fileType = wrapper.framework;
			path = LastFMAPI.framework;
			remoteRef = 00326C8C18EA46E300A28AAF /* PBXContainerItemProxy */;
			sourceTree = BUILT_PRODUCTS_DIR;
		};
		0050561918BBF9BF0011E0B1 /* libCocoaHTTPServer.a */ = {
			isa = PBXReferenceProxy;
			fileType = archive.ar;
			path = libCocoaHTTPServer.a;
			remoteRef = 0050561818BBF9BF0011E0B1 /* PBXContainerItemProxy */;
			sourceTree = BUILT_PRODUCTS_DIR;
		};
		0050561B18BBF9BF0011E0B1 /* CocoaHTTPServer.framework */ = {
			isa = PBXReferenceProxy;
			fileType = wrapper.framework;
			path = CocoaHTTPServer.framework;
			remoteRef = 0050561A18BBF9BF0011E0B1 /* PBXContainerItemProxy */;
			sourceTree = BUILT_PRODUCTS_DIR;
		};
		0050561D18BBF9BF0011E0B1 /* CocoaHTTPServerIOSTests.octest */ = {
			isa = PBXReferenceProxy;
			fileType = wrapper.cfbundle;
			path = CocoaHTTPServerIOSTests.octest;
			remoteRef = 0050561C18BBF9BF0011E0B1 /* PBXContainerItemProxy */;
			sourceTree = BUILT_PRODUCTS_DIR;
		};
		0050561F18BBF9BF0011E0B1 /* CocoaHTTPServerOSXTests.octest */ = {
			isa = PBXReferenceProxy;
			fileType = wrapper.cfbundle;
			path = CocoaHTTPServerOSXTests.octest;
			remoteRef = 0050561E18BBF9BF0011E0B1 /* PBXContainerItemProxy */;
			sourceTree = BUILT_PRODUCTS_DIR;
		};
		00F6D9FB18BC36920036F43F /* libCocoaAsyncSocket.a */ = {
			isa = PBXReferenceProxy;
			fileType = archive.ar;
			path = libCocoaAsyncSocket.a;
			remoteRef = 00F6D9FA18BC36920036F43F /* PBXContainerItemProxy */;
			sourceTree = BUILT_PRODUCTS_DIR;
		};
		00F6D9FD18BC36920036F43F /* CocoaAsyncSocket.framework */ = {
			isa = PBXReferenceProxy;
			fileType = wrapper.framework;
			path = CocoaAsyncSocket.framework;
			remoteRef = 00F6D9FC18BC36920036F43F /* PBXContainerItemProxy */;
			sourceTree = BUILT_PRODUCTS_DIR;
		};
		00F6D9FF18BC36920036F43F /* CocoaAsyncSocketIOSTests.octest */ = {
			isa = PBXReferenceProxy;
			fileType = wrapper.cfbundle;
			path = CocoaAsyncSocketIOSTests.octest;
			remoteRef = 00F6D9FE18BC36920036F43F /* PBXContainerItemProxy */;
			sourceTree = BUILT_PRODUCTS_DIR;
		};
		00F6DA0118BC36920036F43F /* CocoaAsyncSocketOSXTests.octest */ = {
			isa = PBXReferenceProxy;
			fileType = wrapper.cfbundle;
			path = CocoaAsyncSocketOSXTests.octest;
			remoteRef = 00F6DA0018BC36920036F43F /* PBXContainerItemProxy */;
			sourceTree = BUILT_PRODUCTS_DIR;
		};
		00F6DA0B18BC36A40036F43F /* libCocoaLumberjack.a */ = {
			isa = PBXReferenceProxy;
			fileType = archive.ar;
			path = libCocoaLumberjack.a;
			remoteRef = 00F6DA0A18BC36A40036F43F /* PBXContainerItemProxy */;
			sourceTree = BUILT_PRODUCTS_DIR;
		};
		00F6DA0D18BC36A40036F43F /* CocoaLumberjack.framework */ = {
			isa = PBXReferenceProxy;
			fileType = wrapper.framework;
			path = CocoaLumberjack.framework;
			remoteRef = 00F6DA0C18BC36A40036F43F /* PBXContainerItemProxy */;
			sourceTree = BUILT_PRODUCTS_DIR;
		};
		00F6DA0F18BC36A40036F43F /* CocoaLumberjackIOSTests.octest */ = {
			isa = PBXReferenceProxy;
			fileType = wrapper.cfbundle;
			path = CocoaLumberjackIOSTests.octest;
			remoteRef = 00F6DA0E18BC36A40036F43F /* PBXContainerItemProxy */;
			sourceTree = BUILT_PRODUCTS_DIR;
		};
		00F6DA1118BC36A40036F43F /* CocoaLumberjackOSXTests.octest */ = {
			isa = PBXReferenceProxy;
			fileType = wrapper.cfbundle;
			path = CocoaLumberjackOSXTests.octest;
			remoteRef = 00F6DA1018BC36A40036F43F /* PBXContainerItemProxy */;
			sourceTree = BUILT_PRODUCTS_DIR;
		};
/* End PBXReferenceProxy section */

/* Begin PBXResourcesBuildPhase section */
		0050CC7918208ADA006D6247 /* Resources */ = {
			isa = PBXResourcesBuildPhase;
			buildActionMask = 2147483647;
			files = (
				00801462199BEF9600B0D1B0 /* public in Resources */,
				0050CC8918208ADA006D6247 /* InfoPlist.strings in Resources */,
				0050CC9718208ADA006D6247 /* Images.xcassets in Resources */,
				00326C9A18EB65E400A28AAF /* AMMusicServer.p12 in Resources */,
				00E192F318BD2CA200B5A8D5 /* com.acm.AMMusicServer.plist in Resources */,
				0050CC9518208ADA006D6247 /* Application.xib in Resources */,
			);
			runOnlyForDeploymentPostprocessing = 0;
		};
		0050CC9A18208ADA006D6247 /* Resources */ = {
			isa = PBXResourcesBuildPhase;
			buildActionMask = 2147483647;
			files = (
				0050CCA718208ADA006D6247 /* InfoPlist.strings in Resources */,
			);
			runOnlyForDeploymentPostprocessing = 0;
		};
/* End PBXResourcesBuildPhase section */

/* Begin PBXShellScriptBuildPhase section */
		00720C76199D6BF20093B25F /* Increment Version & Build Numbers */ = {
			isa = PBXShellScriptBuildPhase;
			buildActionMask = 8;
			files = (
			);
			inputPaths = (
			);
			name = "Increment Version & Build Numbers";
			outputPaths = (
			);
			runOnlyForDeploymentPostprocessing = 1;
			shellPath = /bin/sh;
			shellScript = "sh ./Scripts/xcode-version-bump.sh\nsh ./Scripts/xcode-build-bump.sh";
			showEnvVarsInLog = 0;
		};
		00B6DF8D199D70BA00B6DDE8 /* Code Sign Application */ = {
			isa = PBXShellScriptBuildPhase;
			buildActionMask = 8;
			files = (
			);
			inputPaths = (
			);
			name = "Code Sign Application";
			outputPaths = (
			);
			runOnlyForDeploymentPostprocessing = 1;
			shellPath = /bin/sh;
			shellScript = "sh ./Scripts/codesign-application.sh";
			showEnvVarsInLog = 0;
		};
		00D68FFE18F7CB94005585BB /* Code Sign Embedded Frameworks */ = {
			isa = PBXShellScriptBuildPhase;
			buildActionMask = 8;
			files = (
			);
			inputPaths = (
			);
			name = "Code Sign Embedded Frameworks";
			outputPaths = (
			);
			runOnlyForDeploymentPostprocessing = 1;
			shellPath = /bin/sh;
			shellScript = "sh ./Scripts/codesign-frameworks.sh";
			showEnvVarsInLog = 0;
		};
		00D6900B18F7CCA0005585BB /* Update Applications folder and create DMG */ = {
			isa = PBXShellScriptBuildPhase;
			buildActionMask = 8;
			files = (
			);
			inputPaths = (
			);
			name = "Update Applications folder and create DMG";
			outputPaths = (
			);
			runOnlyForDeploymentPostprocessing = 1;
			shellPath = /bin/sh;
			shellScript = "sh ./Scripts/copy-application.sh";
			showEnvVarsInLog = 0;
		};
/* End PBXShellScriptBuildPhase section */

/* Begin PBXSourcesBuildPhase section */
		0050CC7718208ADA006D6247 /* Sources */ = {
			isa = PBXSourcesBuildPhase;
			buildActionMask = 2147483647;
			files = (
				00D82E9B18D5A98A0090E3EB /* AMAuthenticationHandler.m in Sources */,
				0005BA9D182196CC00C17FA9 /* IAModelCollectionBase.m in Sources */,
				0005BA9C182196CC00C17FA9 /* IAModelBase.m in Sources */,
				0050CC9218208ADA006D6247 /* AppDelegate.m in Sources */,
				00002ED718EE0FC600243001 /* AMHTTPFileResponse.m in Sources */,
				0005BA96182196B700C17FA9 /* AMJSONAPIData.m in Sources */,
				0005BAA01821A59A00C17FA9 /* AMJSONAPIDataObjects.m in Sources */,
				00245CC118209E2900506730 /* AMJSONResponder.m in Sources */,
				00CBBCEE18C2CF900063DBF6 /* AMHTTPAsyncJSONResponse.m in Sources */,
				0050CC8B18208ADA006D6247 /* main.m in Sources */,
				00DAE0E5182542EC007B6ABC /* AMAPIHandlerITunes.m in Sources */,
				0050562418BBFBBD0011E0B1 /* AMHTTPConnection.m in Sources */,
				00E192F618BD3B6A00B5A8D5 /* AMMusicServerActiveData.m in Sources */,
				00445B561826F98000174020 /* AMAudioConverter.mm in Sources */,
				00445B6D1827065500174020 /* ExtAudioFileConvert.cpp in Sources */,
				00445B641826FE0D00174020 /* CAXException.cpp in Sources */,
				00002EBB18ECCB3800243001 /* AMHTTPMusicServer.m in Sources */,
				00326C8718EA08B300A28AAF /* PreferencesWindow.m in Sources */,
				00445B631826FE0D00174020 /* CAStreamBasicDescription.cpp in Sources */,
				00326C9618EA4DD300A28AAF /* AMLastFMCommunicationManager.m in Sources */,
				009D49A318D44F83006CA309 /* AMHTTPErrorResponse.m in Sources */,
				00E192E518BD2B1500B5A8D5 /* AMPersistentData.m in Sources */,
			);
			runOnlyForDeploymentPostprocessing = 0;
		};
		0050CC9818208ADA006D6247 /* Sources */ = {
			isa = PBXSourcesBuildPhase;
			buildActionMask = 2147483647;
			files = (
				0050CCA918208ADA006D6247 /* MusicServerTests.m in Sources */,
			);
			runOnlyForDeploymentPostprocessing = 0;
		};
/* End PBXSourcesBuildPhase section */

/* Begin PBXTargetDependency section */
		00326C9118EA474200A28AAF /* PBXTargetDependency */ = {
			isa = PBXTargetDependency;
			name = LastFMAPI;
			targetProxy = 00326C9018EA474200A28AAF /* PBXContainerItemProxy */;
		};
		0050562118BBF9FC0011E0B1 /* PBXTargetDependency */ = {
			isa = PBXTargetDependency;
			name = CocoaHTTPServerOSX;
			targetProxy = 0050562018BBF9FC0011E0B1 /* PBXContainerItemProxy */;
		};
		0050CCA118208ADA006D6247 /* PBXTargetDependency */ = {
			isa = PBXTargetDependency;
			target = 0050CC7A18208ADA006D6247 /* MusicServer */;
			targetProxy = 0050CCA018208ADA006D6247 /* PBXContainerItemProxy */;
		};
		00F6DA1518BC36C70036F43F /* PBXTargetDependency */ = {
			isa = PBXTargetDependency;
			name = CocoaLumberjackOSX;
			targetProxy = 00F6DA1418BC36C70036F43F /* PBXContainerItemProxy */;
		};
		00F6DA1718BC36CC0036F43F /* PBXTargetDependency */ = {
			isa = PBXTargetDependency;
			name = CocoaAsyncSocketOSX;
			targetProxy = 00F6DA1618BC36CC0036F43F /* PBXContainerItemProxy */;
		};
/* End PBXTargetDependency section */

/* Begin PBXVariantGroup section */
		0050CC8718208ADA006D6247 /* InfoPlist.strings */ = {
			isa = PBXVariantGroup;
			children = (
				0050CC8818208ADA006D6247 /* en */,
			);
			name = InfoPlist.strings;
			sourceTree = "<group>";
		};
		0050CC9318208ADA006D6247 /* Application.xib */ = {
			isa = PBXVariantGroup;
			children = (
				0050CC9418208ADA006D6247 /* Base */,
			);
			name = Application.xib;
			sourceTree = "<group>";
		};
		0050CCA518208ADA006D6247 /* InfoPlist.strings */ = {
			isa = PBXVariantGroup;
			children = (
				0050CCA618208ADA006D6247 /* en */,
			);
			name = InfoPlist.strings;
			sourceTree = "<group>";
		};
/* End PBXVariantGroup section */

/* Begin XCBuildConfiguration section */
		0050CCAA18208ADA006D6247 /* Debug */ = {
			isa = XCBuildConfiguration;
			buildSettings = {
				ALWAYS_SEARCH_USER_PATHS = NO;
				CLANG_CXX_LANGUAGE_STANDARD = "gnu++0x";
				CLANG_CXX_LIBRARY = "libc++";
				CLANG_ENABLE_OBJC_ARC = YES;
				CLANG_WARN_BOOL_CONVERSION = YES;
				CLANG_WARN_CONSTANT_CONVERSION = YES;
				CLANG_WARN_DIRECT_OBJC_ISA_USAGE = YES_ERROR;
				CLANG_WARN_EMPTY_BODY = YES;
				CLANG_WARN_ENUM_CONVERSION = YES;
				CLANG_WARN_INT_CONVERSION = YES;
				CLANG_WARN_OBJC_ROOT_CLASS = YES_ERROR;
				CLANG_WARN__DUPLICATE_METHOD_MATCH = YES;
				COPY_PHASE_STRIP = NO;
				GCC_C_LANGUAGE_STANDARD = gnu99;
				GCC_DYNAMIC_NO_PIC = NO;
				GCC_ENABLE_OBJC_EXCEPTIONS = YES;
				GCC_OPTIMIZATION_LEVEL = 0;
				GCC_PREPROCESSOR_DEFINITIONS = (
					"DEBUG=1",
					"$(inherited)",
				);
				GCC_SYMBOLS_PRIVATE_EXTERN = NO;
				GCC_WARN_64_TO_32_BIT_CONVERSION = YES;
				GCC_WARN_ABOUT_RETURN_TYPE = YES_ERROR;
				GCC_WARN_UNDECLARED_SELECTOR = YES;
				GCC_WARN_UNINITIALIZED_AUTOS = YES;
				GCC_WARN_UNUSED_FUNCTION = YES;
				GCC_WARN_UNUSED_VARIABLE = YES;
				MACOSX_DEPLOYMENT_TARGET = 10.9;
				ONLY_ACTIVE_ARCH = YES;
				OTHER_CODE_SIGN_FLAGS = "";
				SDKROOT = macosx;
			};
			name = Debug;
		};
		0050CCAB18208ADA006D6247 /* Release */ = {
			isa = XCBuildConfiguration;
			buildSettings = {
				ALWAYS_SEARCH_USER_PATHS = NO;
				CLANG_CXX_LANGUAGE_STANDARD = "gnu++0x";
				CLANG_CXX_LIBRARY = "libc++";
				CLANG_ENABLE_OBJC_ARC = YES;
				CLANG_WARN_BOOL_CONVERSION = YES;
				CLANG_WARN_CONSTANT_CONVERSION = YES;
				CLANG_WARN_DIRECT_OBJC_ISA_USAGE = YES_ERROR;
				CLANG_WARN_EMPTY_BODY = YES;
				CLANG_WARN_ENUM_CONVERSION = YES;
				CLANG_WARN_INT_CONVERSION = YES;
				CLANG_WARN_OBJC_ROOT_CLASS = YES_ERROR;
				CLANG_WARN__DUPLICATE_METHOD_MATCH = YES;
				COPY_PHASE_STRIP = YES;
				DEBUG_INFORMATION_FORMAT = "dwarf-with-dsym";
				ENABLE_NS_ASSERTIONS = NO;
				GCC_C_LANGUAGE_STANDARD = gnu99;
				GCC_ENABLE_OBJC_EXCEPTIONS = YES;
				GCC_WARN_64_TO_32_BIT_CONVERSION = YES;
				GCC_WARN_ABOUT_RETURN_TYPE = YES_ERROR;
				GCC_WARN_UNDECLARED_SELECTOR = YES;
				GCC_WARN_UNINITIALIZED_AUTOS = YES;
				GCC_WARN_UNUSED_FUNCTION = YES;
				GCC_WARN_UNUSED_VARIABLE = YES;
				MACOSX_DEPLOYMENT_TARGET = 10.9;
				OTHER_CODE_SIGN_FLAGS = "";
				SDKROOT = macosx;
			};
			name = Release;
		};
		0050CCAD18208ADA006D6247 /* Debug */ = {
			isa = XCBuildConfiguration;
			buildSettings = {
				ASSETCATALOG_COMPILER_APPICON_NAME = AppIcon;
				ASSETCATALOG_COMPILER_LAUNCHIMAGE_NAME = "";
				CLANG_CXX_LANGUAGE_STANDARD = "compiler-default";
				CLANG_CXX_LIBRARY = "compiler-default";
				CODE_SIGN_ENTITLEMENTS = MusicServer/MusicServer.entitlements;
				CODE_SIGN_IDENTITY = "Developer ID Application";
				"CODE_SIGN_IDENTITY[sdk=macosx*]" = "Mac Developer";
				COMBINE_HIDPI_IMAGES = YES;
				FRAMEWORK_SEARCH_PATHS = (
					"$(inherited)",
					"$(LOCAL_LIBRARY_DIR)/Frameworks",
				);
				GCC_C_LANGUAGE_STANDARD = "compiler-default";
				GCC_PRECOMPILE_PREFIX_HEADER = YES;
				GCC_PREFIX_HEADER = "MusicServer/MusicServer-Prefix.pch";
				INFOPLIST_FILE = "MusicServer/MusicServer-Info.plist";
				OTHER_CODE_SIGN_FLAGS = "--deep";
				PRODUCT_NAME = "$(TARGET_NAME)";
				PROVISIONING_PROFILE = "";
				WRAPPER_EXTENSION = app;
			};
			name = Debug;
		};
		0050CCAE18208ADA006D6247 /* Release */ = {
			isa = XCBuildConfiguration;
			buildSettings = {
				ASSETCATALOG_COMPILER_APPICON_NAME = AppIcon;
				ASSETCATALOG_COMPILER_LAUNCHIMAGE_NAME = "";
				CLANG_CXX_LANGUAGE_STANDARD = "compiler-default";
				CLANG_CXX_LIBRARY = "compiler-default";
				CODE_SIGN_ENTITLEMENTS = MusicServer/MusicServer.entitlements;
				CODE_SIGN_IDENTITY = "Developer ID Application";
				"CODE_SIGN_IDENTITY[sdk=macosx*]" = "Mac Developer";
				COMBINE_HIDPI_IMAGES = YES;
				FRAMEWORK_SEARCH_PATHS = (
					"$(inherited)",
					"$(LOCAL_LIBRARY_DIR)/Frameworks",
				);
				GCC_C_LANGUAGE_STANDARD = "compiler-default";
				GCC_PRECOMPILE_PREFIX_HEADER = YES;
				GCC_PREFIX_HEADER = "MusicServer/MusicServer-Prefix.pch";
				INFOPLIST_FILE = "MusicServer/MusicServer-Info.plist";
				OTHER_CODE_SIGN_FLAGS = "--deep";
				PRODUCT_NAME = "$(TARGET_NAME)";
				PROVISIONING_PROFILE = "";
				WRAPPER_EXTENSION = app;
			};
			name = Release;
		};
		0050CCB018208ADA006D6247 /* Debug */ = {
			isa = XCBuildConfiguration;
			buildSettings = {
				BUNDLE_LOADER = "$(BUILT_PRODUCTS_DIR)/MusicServer.app/Contents/MacOS/MusicServer";
				COMBINE_HIDPI_IMAGES = YES;
				FRAMEWORK_SEARCH_PATHS = (
					"$(DEVELOPER_FRAMEWORKS_DIR)",
					"$(inherited)",
				);
				GCC_PRECOMPILE_PREFIX_HEADER = YES;
				GCC_PREFIX_HEADER = "MusicServer/MusicServer-Prefix.pch";
				GCC_PREPROCESSOR_DEFINITIONS = (
					"DEBUG=1",
					"$(inherited)",
				);
				INFOPLIST_FILE = "MusicServerTests/MusicServerTests-Info.plist";
				PRODUCT_NAME = "$(TARGET_NAME)";
				TEST_HOST = "$(BUNDLE_LOADER)";
				WRAPPER_EXTENSION = xctest;
			};
			name = Debug;
		};
		0050CCB118208ADA006D6247 /* Release */ = {
			isa = XCBuildConfiguration;
			buildSettings = {
				BUNDLE_LOADER = "$(BUILT_PRODUCTS_DIR)/MusicServer.app/Contents/MacOS/MusicServer";
				COMBINE_HIDPI_IMAGES = YES;
				FRAMEWORK_SEARCH_PATHS = (
					"$(DEVELOPER_FRAMEWORKS_DIR)",
					"$(inherited)",
				);
				GCC_PRECOMPILE_PREFIX_HEADER = YES;
				GCC_PREFIX_HEADER = "MusicServer/MusicServer-Prefix.pch";
				INFOPLIST_FILE = "MusicServerTests/MusicServerTests-Info.plist";
				PRODUCT_NAME = "$(TARGET_NAME)";
				TEST_HOST = "$(BUNDLE_LOADER)";
				WRAPPER_EXTENSION = xctest;
			};
			name = Release;
		};
/* End XCBuildConfiguration section */

/* Begin XCConfigurationList section */
		0050CC7618208ADA006D6247 /* Build configuration list for PBXProject "MusicServer" */ = {
			isa = XCConfigurationList;
			buildConfigurations = (
				0050CCAA18208ADA006D6247 /* Debug */,
				0050CCAB18208ADA006D6247 /* Release */,
			);
			defaultConfigurationIsVisible = 0;
			defaultConfigurationName = Release;
		};
		0050CCAC18208ADA006D6247 /* Build configuration list for PBXNativeTarget "MusicServer" */ = {
			isa = XCConfigurationList;
			buildConfigurations = (
				0050CCAD18208ADA006D6247 /* Debug */,
				0050CCAE18208ADA006D6247 /* Release */,
			);
			defaultConfigurationIsVisible = 0;
			defaultConfigurationName = Release;
		};
		0050CCAF18208ADA006D6247 /* Build configuration list for PBXNativeTarget "MusicServerTests" */ = {
			isa = XCConfigurationList;
			buildConfigurations = (
				0050CCB018208ADA006D6247 /* Debug */,
				0050CCB118208ADA006D6247 /* Release */,
			);
			defaultConfigurationIsVisible = 0;
			defaultConfigurationName = Release;
		};
/* End XCConfigurationList section */
	};
	rootObject = 0050CC7318208ADA006D6247 /* Project object */;
}
